// !$*UTF8*$!
{
	archiveVersion = 1;
	classes = {
	};
	objectVersion = 50;
	objects = {

/* Begin PBXBuildFile section */
		31C3EB48228BE752001E84D8 /* AppDelegate.swift in Sources */ = {isa = PBXBuildFile; fileRef = 31C3EB47228BE752001E84D8 /* AppDelegate.swift */; };
		31C3EB4A228BE752001E84D8 /* ViewController.swift in Sources */ = {isa = PBXBuildFile; fileRef = 31C3EB49228BE752001E84D8 /* ViewController.swift */; };
		31C3EB4D228BE753001E84D8 /* Main.storyboard in Resources */ = {isa = PBXBuildFile; fileRef = 31C3EB4B228BE752001E84D8 /* Main.storyboard */; };
		31C3EB4F228BE754001E84D8 /* Assets.xcassets in Resources */ = {isa = PBXBuildFile; fileRef = 31C3EB4E228BE754001E84D8 /* Assets.xcassets */; };
		31C3EB52228BE754001E84D8 /* LaunchScreen.storyboard in Resources */ = {isa = PBXBuildFile; fileRef = 31C3EB50228BE754001E84D8 /* LaunchScreen.storyboard */; };
		31C3EB5A228BE7B6001E84D8 /* Mobil.swift in Sources */ = {isa = PBXBuildFile; fileRef = 31C3EB59228BE7B6001E84D8 /* Mobil.swift */; };
		31C3EB5C228C0325001E84D8 /* Vehicle.swift in Sources */ = {isa = PBXBuildFile; fileRef = 31C3EB5B228C0325001E84D8 /* Vehicle.swift */; };
		31C3EB5E228C052F001E84D8 /* RoundedButton.swift in Sources */ = {isa = PBXBuildFile; fileRef = 31C3EB5D228C052F001E84D8 /* RoundedButton.swift */; };
		31C3EB60228C0715001E84D8 /* AttributeButton.swift in Sources */ = {isa = PBXBuildFile; fileRef = 31C3EB5F228C0715001E84D8 /* AttributeButton.swift */; };
/* End PBXBuildFile section */

/* Begin PBXFileReference section */
		31C3EB44228BE752001E84D8 /* structProject.app */ = {isa = PBXFileReference; explicitFileType = wrapper.application; includeInIndex = 0; path = structProject.app; sourceTree = BUILT_PRODUCTS_DIR; };
		31C3EB47228BE752001E84D8 /* AppDelegate.swift */ = {isa = PBXFileReference; lastKnownFileType = sourcecode.swift; path = AppDelegate.swift; sourceTree = "<group>"; };
		31C3EB49228BE752001E84D8 /* ViewController.swift */ = {isa = PBXFileReference; lastKnownFileType = sourcecode.swift; path = ViewController.swift; sourceTree = "<group>"; };
		31C3EB4C228BE753001E84D8 /* Base */ = {isa = PBXFileReference; lastKnownFileType = file.storyboard; name = Base; path = Base.lproj/Main.storyboard; sourceTree = "<group>"; };
		31C3EB4E228BE754001E84D8 /* Assets.xcassets */ = {isa = PBXFileReference; lastKnownFileType = folder.assetcatalog; path = Assets.xcassets; sourceTree = "<group>"; };
		31C3EB51228BE754001E84D8 /* Base */ = {isa = PBXFileReference; lastKnownFileType = file.storyboard; name = Base; path = Base.lproj/LaunchScreen.storyboard; sourceTree = "<group>"; };
		31C3EB53228BE754001E84D8 /* Info.plist */ = {isa = PBXFileReference; lastKnownFileType = text.plist.xml; path = Info.plist; sourceTree = "<group>"; };
		31C3EB59228BE7B6001E84D8 /* Mobil.swift */ = {isa = PBXFileReference; lastKnownFileType = sourcecode.swift; path = Mobil.swift; sourceTree = "<group>"; };
		31C3EB5B228C0325001E84D8 /* Vehicle.swift */ = {isa = PBXFileReference; lastKnownFileType = sourcecode.swift; path = Vehicle.swift; sourceTree = "<group>"; };
		31C3EB5D228C052F001E84D8 /* RoundedButton.swift */ = {isa = PBXFileReference; lastKnownFileType = sourcecode.swift; path = RoundedButton.swift; sourceTree = "<group>"; };
		31C3EB5F228C0715001E84D8 /* AttributeButton.swift */ = {isa = PBXFileReference; lastKnownFileType = sourcecode.swift; path = AttributeButton.swift; sourceTree = "<group>"; };
/* End PBXFileReference section */

/* Begin PBXFrameworksBuildPhase section */
		31C3EB41228BE752001E84D8 /* Frameworks */ = {
			isa = PBXFrameworksBuildPhase;
			buildActionMask = 2147483647;
			files = (
			);
			runOnlyForDeploymentPostprocessing = 0;
		};
/* End PBXFrameworksBuildPhase section */

/* Begin PBXGroup section */
		31C3EB3B228BE752001E84D8 = {
			isa = PBXGroup;
			children = (
				31C3EB59228BE7B6001E84D8 /* Mobil.swift */,
				31C3EB46228BE752001E84D8 /* structProject */,
				31C3EB45228BE752001E84D8 /* Products */,
			);
			sourceTree = "<group>";
		};
		31C3EB45228BE752001E84D8 /* Products */ = {
			isa = PBXGroup;
			children = (
				31C3EB44228BE752001E84D8 /* structProject.app */,
			);
			name = Products;
			sourceTree = "<group>";
		};
		31C3EB46228BE752001E84D8 /* structProject */ = {
			isa = PBXGroup;
			children = (
				31C3EB47228BE752001E84D8 /* AppDelegate.swift */,
				31C3EB49228BE752001E84D8 /* ViewController.swift */,
				31C3EB4B228BE752001E84D8 /* Main.storyboard */,
				31C3EB5D228C052F001E84D8 /* RoundedButton.swift */,
				31C3EB5F228C0715001E84D8 /* AttributeButton.swift */,
				31C3EB5B228C0325001E84D8 /* Vehicle.swift */,
				31C3EB4E228BE754001E84D8 /* Assets.xcassets */,
				31C3EB50228BE754001E84D8 /* LaunchScreen.storyboard */,
				31C3EB53228BE754001E84D8 /* Info.plist */,
			);
			path = structProject;
			sourceTree = "<group>";
		};
/* End PBXGroup section */

/* Begin PBXNativeTarget section */
		31C3EB43228BE752001E84D8 /* structProject */ = {
			isa = PBXNativeTarget;
			buildConfigurationList = 31C3EB56228BE754001E84D8 /* Build configuration list for PBXNativeTarget "structProject" */;
			buildPhases = (
				31C3EB40228BE752001E84D8 /* Sources */,
				31C3EB41228BE752001E84D8 /* Frameworks */,
				31C3EB42228BE752001E84D8 /* Resources */,
			);
			buildRules = (
			);
			dependencies = (
			);
			name = structProject;
			productName = structProject;
			productReference = 31C3EB44228BE752001E84D8 /* structProject.app */;
			productType = "com.apple.product-type.application";
		};
/* End PBXNativeTarget section */

/* Begin PBXProject section */
		31C3EB3C228BE752001E84D8 /* Project object */ = {
			isa = PBXProject;
			attributes = {
				LastSwiftUpdateCheck = 1020;
				LastUpgradeCheck = 1020;
				ORGANIZATIONNAME = "Apple Academy";
				TargetAttributes = {
					31C3EB43228BE752001E84D8 = {
						CreatedOnToolsVersion = 10.2.1;
					};
				};
			};
			buildConfigurationList = 31C3EB3F228BE752001E84D8 /* Build configuration list for PBXProject "structProject" */;
			compatibilityVersion = "Xcode 9.3";
			developmentRegion = en;
			hasScannedForEncodings = 0;
			knownRegions = (
				en,
				Base,
			);
			mainGroup = 31C3EB3B228BE752001E84D8;
			productRefGroup = 31C3EB45228BE752001E84D8 /* Products */;
			projectDirPath = "";
			projectRoot = "";
			targets = (
				31C3EB43228BE752001E84D8 /* structProject */,
			);
		};
/* End PBXProject section */

/* Begin PBXResourcesBuildPhase section */
		31C3EB42228BE752001E84D8 /* Resources */ = {
			isa = PBXResourcesBuildPhase;
			buildActionMask = 2147483647;
			files = (
				31C3EB52228BE754001E84D8 /* LaunchScreen.storyboard in Resources */,
				31C3EB4F228BE754001E84D8 /* Assets.xcassets in Resources */,
				31C3EB4D228BE753001E84D8 /* Main.storyboard in Resources */,
			);
			runOnlyForDeploymentPostprocessing = 0;
		};
/* End PBXResourcesBuildPhase section */

/* Begin PBXSourcesBuildPhase section */
		31C3EB40228BE752001E84D8 /* Sources */ = {
			isa = PBXSourcesBuildPhase;
			buildActionMask = 2147483647;
			files = (
				31C3EB60228C0715001E84D8 /* AttributeButton.swift in Sources */,
				31C3EB5C228C0325001E84D8 /* Vehicle.swift in Sources */,
				31C3EB5E228C052F001E84D8 /* RoundedButton.swift in Sources */,
				31C3EB4A228BE752001E84D8 /* ViewController.swift in Sources */,
				31C3EB48228BE752001E84D8 /* AppDelegate.swift in Sources */,
				31C3EB5A228BE7B6001E84D8 /* Mobil.swift in Sources */,
			);
			runOnlyForDeploymentPostprocessing = 0;
		};
/* End PBXSourcesBuildPhase section */

/* Begin PBXVariantGroup section */
		31C3EB4B228BE752001E84D8 /* Main.storyboard */ = {
			isa = PBXVariantGroup;
			children = (
				31C3EB4C228BE753001E84D8 /* Base */,
			);
			name = Main.storyboard;
			sourceTree = "<group>";
		};
		31C3EB50228BE754001E84D8 /* LaunchScreen.storyboard */ = {
			isa = PBXVariantGroup;
			children = (
				31C3EB51228BE754001E84D8 /* Base */,
			);
			name = LaunchScreen.storyboard;
			sourceTree = "<group>";
		};
/* End PBXVariantGroup section */

/* Begin XCBuildConfiguration section */
		31C3EB54228BE754001E84D8 /* Debug */ = {
			isa = XCBuildConfiguration;
			buildSettings = {
				ALWAYS_SEARCH_USER_PATHS = NO;
				CLANG_ANALYZER_NONNULL = YES;
				CLANG_ANALYZER_NUMBER_OBJECT_CONVERSION = YES_AGGRESSIVE;
				CLANG_CXX_LANGUAGE_STANDARD = "gnu++14";
				CLANG_CXX_LIBRARY = "libc++";
				CLANG_ENABLE_MODULES = YES;
				CLANG_ENABLE_OBJC_ARC = YES;
				CLANG_ENABLE_OBJC_WEAK = YES;
				CLANG_WARN_BLOCK_CAPTURE_AUTORELEASING = YES;
				CLANG_WARN_BOOL_CONVERSION = YES;
				CLANG_WARN_COMMA = YES;
				CLANG_WARN_CONSTANT_CONVERSION = YES;
				CLANG_WARN_DEPRECATED_OBJC_IMPLEMENTATIONS = YES;
				CLANG_WARN_DIRECT_OBJC_ISA_USAGE = YES_ERROR;
				CLANG_WARN_DOCUMENTATION_COMMENTS = YES;
				CLANG_WARN_EMPTY_BODY = YES;
				CLANG_WARN_ENUM_CONVERSION = YES;
				CLANG_WARN_INFINITE_RECURSION = YES;
				CLANG_WARN_INT_CONVERSION = YES;
				CLANG_WARN_NON_LITERAL_NULL_CONVERSION = YES;
				CLANG_WARN_OBJC_IMPLICIT_RETAIN_SELF = YES;
				CLANG_WARN_OBJC_LITERAL_CONVERSION = YES;
				CLANG_WARN_OBJC_ROOT_CLASS = YES_ERROR;
				CLANG_WARN_RANGE_LOOP_ANALYSIS = YES;
				CLANG_WARN_STRICT_PROTOTYPES = YES;
				CLANG_WARN_SUSPICIOUS_MOVE = YES;
				CLANG_WARN_UNGUARDED_AVAILABILITY = YES_AGGRESSIVE;
				CLANG_WARN_UNREACHABLE_CODE = YES;
				CLANG_WARN__DUPLICATE_METHOD_MATCH = YES;
				CODE_SIGN_IDENTITY = "iPhone Developer";
				COPY_PHASE_STRIP = NO;
				DEBUG_INFORMATION_FORMAT = dwarf;
				ENABLE_STRICT_OBJC_MSGSEND = YES;
				ENABLE_TESTABILITY = YES;
				GCC_C_LANGUAGE_STANDARD = gnu11;
				GCC_DYNAMIC_NO_PIC = NO;
				GCC_NO_COMMON_BLOCKS = YES;
				GCC_OPTIMIZATION_LEVEL = 0;
				GCC_PREPROCESSOR_DEFINITIONS = (
					"DEBUG=1",
					"$(inherited)",
				);
				GCC_WARN_64_TO_32_BIT_CONVERSION = YES;
				GCC_WARN_ABOUT_RETURN_TYPE = YES_ERROR;
				GCC_WARN_UNDECLARED_SELECTOR = YES;
				GCC_WARN_UNINITIALIZED_AUTOS = YES_AGGRESSIVE;
				GCC_WARN_UNUSED_FUNCTION = YES;
				GCC_WARN_UNUSED_VARIABLE = YES;
				IPHONEOS_DEPLOYMENT_TARGET = 12.2;
				MTL_ENABLE_DEBUG_INFO = INCLUDE_SOURCE;
				MTL_FAST_MATH = YES;
				ONLY_ACTIVE_ARCH = YES;
				SDKROOT = iphoneos;
				SWIFT_ACTIVE_COMPILATION_CONDITIONS = DEBUG;
				SWIFT_OPTIMIZATION_LEVEL = "-Onone";
			};
			name = Debug;
		};
		31C3EB55228BE754001E84D8 /* Release */ = {
			isa = XCBuildConfiguration;
			buildSettings = {
				ALWAYS_SEARCH_USER_PATHS = NO;
				CLANG_ANALYZER_NONNULL = YES;
				CLANG_ANALYZER_NUMBER_OBJECT_CONVERSION = YES_AGGRESSIVE;
				CLANG_CXX_LANGUAGE_STANDARD = "gnu++14";
				CLANG_CXX_LIBRARY = "libc++";
				CLANG_ENABLE_MODULES = YES;
				CLANG_ENABLE_OBJC_ARC = YES;
				CLANG_ENABLE_OBJC_WEAK = YES;
				CLANG_WARN_BLOCK_CAPTURE_AUTORELEASING = YES;
				CLANG_WARN_BOOL_CONVERSION = YES;
				CLANG_WARN_COMMA = YES;
				CLANG_WARN_CONSTANT_CONVERSION = YES;
				CLANG_WARN_DEPRECATED_OBJC_IMPLEMENTATIONS = YES;
				CLANG_WARN_DIRECT_OBJC_ISA_USAGE = YES_ERROR;
				CLANG_WARN_DOCUMENTATION_COMMENTS = YES;
				CLANG_WARN_EMPTY_BODY = YES;
				CLANG_WARN_ENUM_CONVERSION = YES;
				CLANG_WARN_INFINITE_RECURSION = YES;
				CLANG_WARN_INT_CONVERSION = YES;
				CLANG_WARN_NON_LITERAL_NULL_CONVERSION = YES;
				CLANG_WARN_OBJC_IMPLICIT_RETAIN_SELF = YES;
				CLANG_WARN_OBJC_LITERAL_CONVERSION = YES;
				CLANG_WARN_OBJC_ROOT_CLASS = YES_ERROR;
				CLANG_WARN_RANGE_LOOP_ANALYSIS = YES;
				CLANG_WARN_STRICT_PROTOTYPES = YES;
				CLANG_WARN_SUSPICIOUS_MOVE = YES;
				CLANG_WARN_UNGUARDED_AVAILABILITY = YES_AGGRESSIVE;
				CLANG_WARN_UNREACHABLE_CODE = YES;
				CLANG_WARN__DUPLICATE_METHOD_MATCH = YES;
				CODE_SIGN_IDENTITY = "iPhone Developer";
				COPY_PHASE_STRIP = NO;
				DEBUG_INFORMATION_FORMAT = "dwarf-with-dsym";
				ENABLE_NS_ASSERTIONS = NO;
				ENABLE_STRICT_OBJC_MSGSEND = YES;
				GCC_C_LANGUAGE_STANDARD = gnu11;
				GCC_NO_COMMON_BLOCKS = YES;
				GCC_WARN_64_TO_32_BIT_CONVERSION = YES;
				GCC_WARN_ABOUT_RETURN_TYPE = YES_ERROR;
				GCC_WARN_UNDECLARED_SELECTOR = YES;
				GCC_WARN_UNINITIALIZED_AUTOS = YES_AGGRESSIVE;
				GCC_WARN_UNUSED_FUNCTION = YES;
				GCC_WARN_UNUSED_VARIABLE = YES;
				IPHONEOS_DEPLOYMENT_TARGET = 12.2;
				MTL_ENABLE_DEBUG_INFO = NO;
				MTL_FAST_MATH = YES;
				SDKROOT = iphoneos;
				SWIFT_COMPILATION_MODE = wholemodule;
				SWIFT_OPTIMIZATION_LEVEL = "-O";
				VALIDATE_PRODUCT = YES;
			};
			name = Release;
		};
		31C3EB57228BE754001E84D8 /* Debug */ = {
			isa = XCBuildConfiguration;
			buildSettings = {
				ASSETCATALOG_COMPILER_APPICON_NAME = AppIcon;
				CODE_SIGN_STYLE = Automatic;
				DEVELOPMENT_TEAM = 4JFNH9SG77;
				INFOPLIST_FILE = structProject/Info.plist;
				LD_RUNPATH_SEARCH_PATHS = (
					"$(inherited)",
					"@executable_path/Frameworks",
				);
				PRODUCT_BUNDLE_IDENTIFIER = com.appleAcademy.structProject;
				PRODUCT_NAME = "$(TARGET_NAME)";
				SWIFT_VERSION = 5.0;
				TARGETED_DEVICE_FAMILY = "1,2";
			};
			name = Debug;
		};
		31C3EB58228BE754001E84D8 /* Release */ = {
			isa = XCBuildConfiguration;
			buildSettings = {
				ASSETCATALOG_COMPILER_APPICON_NAME = AppIcon;
				CODE_SIGN_STYLE = Automatic;
				DEVELOPMENT_TEAM = 4JFNH9SG77;
				INFOPLIST_FILE = structProject/Info.plist;
				LD_RUNPATH_SEARCH_PATHS = (
					"$(inherited)",
					"@executable_path/Frameworks",
				);
				PRODUCT_BUNDLE_IDENTIFIER = com.appleAcademy.structProject;
				PRODUCT_NAME = "$(TARGET_NAME)";
				SWIFT_VERSION = 5.0;
				TARGETED_DEVICE_FAMILY = "1,2";
			};
			name = Release;
		};
/* End XCBuildConfiguration section */

/* Begin XCConfigurationList section */
		31C3EB3F228BE752001E84D8 /* Build configuration list for PBXProject "structProject" */ = {
			isa = XCConfigurationList;
			buildConfigurations = (
				31C3EB54228BE754001E84D8 /* Debug */,
				31C3EB55228BE754001E84D8 /* Release */,
			);
			defaultConfigurationIsVisible = 0;
			defaultConfigurationName = Release;
		};
		31C3EB56228BE754001E84D8 /* Build configuration list for PBXNativeTarget "structProject" */ = {
			isa = XCConfigurationList;
			buildConfigurations = (
				31C3EB57228BE754001E84D8 /* Debug */,
				31C3EB58228BE754001E84D8 /* Release */,
			);
			defaultConfigurationIsVisible = 0;
			defaultConfigurationName = Release;
		};
/* End XCConfigurationList section */
	};
	rootObject = 31C3EB3C228BE752001E84D8 /* Project object */;
}
